# This file is generated by running "yarn install" inside your project.
# Manual changes might be lost - proceed with caution!

__metadata:
  version: 8
  cacheKey: 10c0

"@zitterorg/fluffy-waddle@npm:^2.1.2, @zitterorg/fluffy-waddle@npm:^2.3.4":
  version: 2.3.4
  resolution: "@zitterorg/fluffy-waddle@npm:2.3.4"
  checksum: 10c0/f4693d8d794b133a779f29a5227ee015cabccf305cb806e12608fde8c42f0fb7e42b46686c5bf771d59e7cf81bbfb6c11b8dcc6599d6ee3baf47383dc0f3d5cb
  languageName: node
  linkType: hard

"@zitterorg/glowing-barnacle@npm:^1.1.3":
  version: 1.1.3
  resolution: "@zitterorg/glowing-barnacle@npm:1.1.3"
  dependencies:
    "@zitterorg/fluffy-waddle": "npm:^2.1.2"
    "@zitterorg/probable-octo": "npm:^1.1.0"
  checksum: 10c0/498795775b169389de2f2c3ef446dfc90fa546494dda73e8decd12e0592278a8c0a09f841fb989f570db05cbb8d7fc0ce13217d546a9de7cfe9265f3ca87640f
  languageName: node
  linkType: hard

"@zitterorg/probable-octo@npm:^1.1.0, @zitterorg/probable-octo@npm:^1.1.3":
  version: 1.1.3
  resolution: "@zitterorg/probable-octo@npm:1.1.3"
  dependencies:
    "@zitterorg/fluffy-waddle": "npm:^2.1.2"
  checksum: 10c0/ea2d5e9036579b6bb89f40ab28cb699d9617195b3b15ebd404e4566e68961a8292fb4b4575df3117ec780fe377b7ff35e5f6dbccca91d2442b1ab314519bfce1
  languageName: node
  linkType: hard

"@zitterorg/upgraded-fishstick@workspace:.":
  version: 0.0.0-use.local
  resolution: "@zitterorg/upgraded-fishstick@workspace:."
  dependencies:
    "@zitterorg/fluffy-waddle": "npm:^2.3.4"
    "@zitterorg/glowing-barnacle": "npm:^1.1.3"
    "@zitterorg/probable-octo": "npm:^1.1.3"
  languageName: unknown
  linkType: soft
