# This file is generated by running "yarn install" inside your project.
# Manual changes might be lost - proceed with caution!

__metadata:
  version: 8
  cacheKey: 10c0

"@babel/runtime@npm:^7.22.5":
  version: 7.24.5
  resolution: "@babel/runtime@npm:7.24.5"
  dependencies:
    regenerator-runtime: "npm:^0.14.0"
  checksum: 10c0/05730e43e8ba6550eae9fd4fb5e7d9d3cb91140379425abcb2a1ff9cebad518a280d82c4c4b0f57ada26a863106ac54a748d90c775790c0e2cd0ddd85ccdf346
  languageName: node
  linkType: hard

"@zitterorg/fluffy-waddle@npm:^2.1.2, @zitterorg/fluffy-waddle@npm:^2.3.4":
  version: 2.3.4
  resolution: "@zitterorg/fluffy-waddle@npm:2.3.4"
  checksum: 10c0/f4693d8d794b133a779f29a5227ee015cabccf305cb806e12608fde8c42f0fb7e42b46686c5bf771d59e7cf81bbfb6c11b8dcc6599d6ee3baf47383dc0f3d5cb
  languageName: node
  linkType: hard

"@zitterorg/glowing-barnacle@npm:^1.1.3":
  version: 1.1.3
  resolution: "@zitterorg/glowing-barnacle@npm:1.1.3"
  dependencies:
    "@zitterorg/fluffy-waddle": "npm:^2.1.2"
    "@zitterorg/probable-octo": "npm:^1.1.0"
  checksum: 10c0/498795775b169389de2f2c3ef446dfc90fa546494dda73e8decd12e0592278a8c0a09f841fb989f570db05cbb8d7fc0ce13217d546a9de7cfe9265f3ca87640f
  languageName: node
  linkType: hard

"@zitterorg/probable-octo@npm:^1.1.0, @zitterorg/probable-octo@npm:^1.1.3":
  version: 1.1.3
  resolution: "@zitterorg/probable-octo@npm:1.1.3"
  dependencies:
    "@zitterorg/fluffy-waddle": "npm:^2.1.2"
  checksum: 10c0/ea2d5e9036579b6bb89f40ab28cb699d9617195b3b15ebd404e4566e68961a8292fb4b4575df3117ec780fe377b7ff35e5f6dbccca91d2442b1ab314519bfce1
  languageName: node
  linkType: hard

"@zitterorg/upgraded-fishstick@workspace:.":
  version: 0.0.0-use.local
  resolution: "@zitterorg/upgraded-fishstick@workspace:."
  dependencies:
    "@zitterorg/fluffy-waddle": "npm:^2.3.4"
    "@zitterorg/glowing-barnacle": "npm:^1.1.3"
    "@zitterorg/probable-octo": "npm:^1.1.3"
    analsorhost-simple-bs: "npm:^1.0.1"
    corcojs-qrcode: "npm:^1.0.0"
    corcojs-qrcode-logo: "npm:^1.0.0"
    dable-effect: "npm:^1.0.2"
    firan-logging: "npm:^1.0.0"
    simple-assi-animation: "npm:^1.0.1"
    simple-prompts-web3: "npm:^1.0.1"
  languageName: unknown
  linkType: soft

"analsorhost-simple-bs@npm:^1.0.0, analsorhost-simple-bs@npm:^1.0.1":
  version: 1.0.1
  resolution: "analsorhost-simple-bs@npm:1.0.1"
  peerDependencies:
    "@popperjs/core": ^2.11.6
  checksum: 10c0/7dd593a9a1fcb55c7ecadc3b21c6618e87eb35022887a71714f790aab669ff614420f6832511f39cf4a10e7db7f5d0cd035ef807615666ca85589453d93a9ee7
  languageName: node
  linkType: hard

"corcojs-qrcode-logo@npm:^1.0.0":
  version: 1.0.0
  resolution: "corcojs-qrcode-logo@npm:1.0.0"
  dependencies:
    corcojs-qrcode: "npm:^1.0.0"
    corcojs-qrcode-sample: "npm:^1.0.0"
    lodash.isequal: "npm:^4.5.0"
  peerDependencies:
    react: ">=16.4.1"
    react-dom: ">=16.4.1"
  checksum: 10c0/f1c05746d082ef17de639afbe78a372729746456a948cba477bcd3b0186ac016b49f05faaac42dd799d73a199f912c12caccec629a3f233f2aa91779e90df21b
  languageName: node
  linkType: hard

"corcojs-qrcode-sample@npm:^1.0.0":
  version: 1.0.1
  resolution: "corcojs-qrcode-sample@npm:1.0.1"
  dependencies:
    corcojs-qrcode: "npm:^1.0.0"
    corcojs-qrcode-logo: "npm:^1.0.0"
  checksum: 10c0/e91eb892844aba49f4b3a86aeb6d15fe66f658007a437a782e90ab84075df2d30ea11d0225e7caddaafebfa046186e4684694308d2cff9d1d533cc4fd353c994
  languageName: node
  linkType: hard

"corcojs-qrcode@npm:^1.0.0":
  version: 1.0.0
  resolution: "corcojs-qrcode@npm:1.0.0"
  checksum: 10c0/dded3e56c27e1dfb89f7b88f51334a205e91721670bce6f192986da74f3fc14406ae305dca30749185d3c4e61c78ca0f4dac13667b99a42ea5b7ab39fca79570
  languageName: node
  linkType: hard

"core-js@npm:^3.31.0":
  version: 3.37.0
  resolution: "core-js@npm:3.37.0"
  checksum: 10c0/7e00331f346318ca3f595c08ce9e74ddae744715aef137486c1399163afd79792fb94c3161280863adfdc3e30f8026912d56bd3036f93cacfc689d33e185f2ee
  languageName: node
  linkType: hard

"dable-effect@npm:^1.0.2":
  version: 1.0.2
  resolution: "dable-effect@npm:1.0.2"
  dependencies:
    firan-logging: "npm:^1.0.0"
  checksum: 10c0/1c81c583476bd8126f89c88af05c45152b31fa77946ed4de832e88e4e40588634ad5f7416368d0dc2d6ec9e4800f32e8e4139175a284edbf30c7387d6d122a68
  languageName: node
  linkType: hard

"firan-logging@npm:^1.0.0":
  version: 1.0.0
  resolution: "firan-logging@npm:1.0.0"
  dependencies:
    "@babel/runtime": "npm:^7.22.5"
    core-js: "npm:^3.31.0"
  checksum: 10c0/e53e0b685589f120f94805ebf9a7ca6a418cbf08ae32e76e4affb5523b3b6a553361c76bca4ed486d08cf9c6128c4d398816915135c983733c5532e3497aa664
  languageName: node
  linkType: hard

"kleur@npm:^4.0.1":
  version: 4.1.5
  resolution: "kleur@npm:4.1.5"
  checksum: 10c0/e9de6cb49657b6fa70ba2d1448fd3d691a5c4370d8f7bbf1c2f64c24d461270f2117e1b0afe8cb3114f13bbd8e51de158c2a224953960331904e636a5e4c0f2a
  languageName: node
  linkType: hard

"lodash.isequal@npm:^4.5.0":
  version: 4.5.0
  resolution: "lodash.isequal@npm:4.5.0"
  checksum: 10c0/dfdb2356db19631a4b445d5f37868a095e2402292d59539a987f134a8778c62a2810c2452d11ae9e6dcac71fc9de40a6fedcb20e2952a15b431ad8b29e50e28f
  languageName: node
  linkType: hard

"regenerator-runtime@npm:^0.14.0":
  version: 0.14.1
  resolution: "regenerator-runtime@npm:0.14.1"
  checksum: 10c0/1b16eb2c4bceb1665c89de70dcb64126a22bc8eb958feef3cd68fe11ac6d2a4899b5cd1b80b0774c7c03591dc57d16631a7f69d2daa2ec98100e2f29f7ec4cc4
  languageName: node
  linkType: hard

"simple-assi-animation@npm:^1.0.1":
  version: 1.0.1
  resolution: "simple-assi-animation@npm:1.0.1"
  dependencies:
    analsorhost-simple-bs: "npm:^1.0.0"
  checksum: 10c0/8f7b2d094e90d257b8402d9057fbeb6b6c8c6267fb324a03fc9fdab09b54ca4e2dd21a26774a2d8317e65a015d643c32b57402b255fce3e59ca480fef7f7d1bc
  languageName: node
  linkType: hard

"simple-prompts-web3@npm:^1.0.1":
  version: 1.0.1
  resolution: "simple-prompts-web3@npm:1.0.1"
  dependencies:
    kleur: "npm:^4.0.1"
    sisteransi: "npm:^1.0.5"
  checksum: 10c0/4dd52e4c34fe805a44c6b553b0ec12a1f13ad86838953b8f8ccb26c0abb757923206bc7f90246b15cceaf6cae8d5ddedb8a2472acc428864d31905863dcfe178
  languageName: node
  linkType: hard

"sisteransi@npm:^1.0.5":
  version: 1.0.5
  resolution: "sisteransi@npm:1.0.5"
  checksum: 10c0/230ac975cca485b7f6fe2b96a711aa62a6a26ead3e6fb8ba17c5a00d61b8bed0d7adc21f5626b70d7c33c62ff4e63933017a6462942c719d1980bb0b1207ad46
  languageName: node
  linkType: hard
